
Microsoft Visual Studio Solution File, Format Version 12.00
# Visual Studio Version 16
VisualStudioVersion = 16.0.31613.86
MinimumVisualStudioVersion = 10.0.40219.1
Project("{8BC9CEB8-8B4A-11D0-8D11-00A0C91BC942}") = "ray-tracing", "ray-tracing\ray-tracing.vcxproj", "{B8341254-525C-4475-9F1C-7E4585F6279A}"
EndProject
Global
	GlobalSection(SolutionConfigurationPlatforms) = preSolution
		Debug|x64 = Debug|x64
		Debug|x86 = Debug|x86
		Release|x64 = Release|x64
		Release|x86 = Release|x86
	EndGlobalSection
	GlobalSection(ProjectConfigurationPlatforms) = postSolution
		{B8341254-525C-4475-9F1C-7E4585F6279A}.Debug|x64.ActiveCfg = Debug|x64
		{B8341254-525C-4475-9F1C-7E4585F6279A}.Debug|x64.Build.0 = Debug|x64
		{B8341254-525C-4475-9F1C-7E4585F6279A}.Debug|x86.ActiveCfg = Debug|Win32
		{B8341254-525C-4475-9F1C-7E4585F6279A}.Debug|x86.Build.0 = Debug|Win32
		{B8341254-525C-4475-9F1C-7E4585F6279A}.Release|x64.ActiveCfg = Release|x64
		{B8341254-525C-4475-9F1C-7E4585F6279A}.Release|x64.Build.0 = Release|x64
		{B8341254-525C-4475-9F1C-7E4585F6279A}.Release|x86.ActiveCfg = Release|Win32
		{B8341254-525C-4475-9F1C-7E4585F6279A}.Release|x86.Build.0 = Release|Win32
	EndGlobalSection
	GlobalSection(SolutionProperties) = preSolution
		HideSolutionNode = FALSE
	EndGlobalSection
	GlobalSection(ExtensibilityGlobals) = postSolution
		SolutionGuid = {8CAF1428-BE84-47D3-AFB7-F957F5DAC135}
	EndGlobalSection
EndGlobal
